
Microsoft Visual Studio Solution File, Format Version 12.00
# Visual Studio Version 17
VisualStudioVersion = 17.2.32516.85
MinimumVisualStudioVersion = 10.0.40219.1
Project("{9A19103F-16F7-4668-BE54-9A1E7A4F7556}") = "Final_Project", "Final_Project.csproj", "{E6605C24-2E38-40A2-89F8-0735DA658F3B}"
EndProject
Project("{9A19103F-16F7-4668-BE54-9A1E7A4F7556}") = "Final_Project_Tests", "..\Final_Project_Tests\Final_Project_Tests.csproj", "{7E1013B6-BFC9-473C-A1F5-19C857E7BCA9}"
EndProject
Global
	GlobalSection(SolutionConfigurationPlatforms) = preSolution
		Debug|Any CPU = Debug|Any CPU
		Release|Any CPU = Release|Any CPU
	EndGlobalSection
	GlobalSection(ProjectConfigurationPlatforms) = postSolution
		{E6605C24-2E38-40A2-89F8-0735DA658F3B}.Debug|Any CPU.ActiveCfg = Debug|Any CPU
		{E6605C24-2E38-40A2-89F8-0735DA658F3B}.Debug|Any CPU.Build.0 = Debug|Any CPU
		{E6605C24-2E38-40A2-89F8-0735DA658F3B}.Release|Any CPU.ActiveCfg = Release|Any CPU
		{E6605C24-2E38-40A2-89F8-0735DA658F3B}.Release|Any CPU.Build.0 = Release|Any CPU
		{7E1013B6-BFC9-473C-A1F5-19C857E7BCA9}.Debug|Any CPU.ActiveCfg = Debug|Any CPU
		{7E1013B6-BFC9-473C-A1F5-19C857E7BCA9}.Debug|Any CPU.Build.0 = Debug|Any CPU
		{7E1013B6-BFC9-473C-A1F5-19C857E7BCA9}.Release|Any CPU.ActiveCfg = Release|Any CPU
		{7E1013B6-BFC9-473C-A1F5-19C857E7BCA9}.Release|Any CPU.Build.0 = Release|Any CPU
	EndGlobalSection
	GlobalSection(SolutionProperties) = preSolution
		HideSolutionNode = FALSE
	EndGlobalSection
	GlobalSection(ExtensibilityGlobals) = postSolution
		SolutionGuid = {DC248455-94B1-49E5-9DC6-9BFEB50A62F0}
	EndGlobalSection
EndGlobal
